<?xml version="1.0" encoding="UTF-8" standalone="yes" ?>
<CodeBlocks_project_file>
	<FileVersion major="1" minor="6" />
	<Project>
		<Option title="ptpmonkey" />
		<Option pch_mode="2" />
		<Option compiler="gcc" />
		<Build>
			<Target title="Windows Debug">
				<Option platforms="Windows;" />
				<Option output="bin/Debug/ptpmonkey" prefix_auto="1" extension_auto="1" />
				<Option object_output="obj/Debug/" />
				<Option type="1" />
				<Option compiler="gcc" />
				<Compiler>
					<Add option="-g" />
					<Add option="-D_WIN32_WINNT=0x0601" />
					<Add directory="$(#asio.INCLUDE)" />
				</Compiler>
				<Linker>
					<Add library="ws2_32" />
					<Add library="IPHLPAPI" />
				</Linker>
			</Target>
			<Target title="Windows Release">
				<Option platforms="Windows;" />
				<Option output="bin/Release/ptpmonkey" prefix_auto="1" extension_auto="1" />
				<Option object_output="obj/Release/" />
				<Option type="1" />
				<Option compiler="gcc" />
				<Compiler>
					<Add option="-O3" />
					<Add option="-D_WIN32_WINNT=0x0601" />
					<Add directory="$(#asio.INCLUDE)" />
				</Compiler>
				<Linker>
					<Add option="-s" />
					<Add library="ws2_32" />
					<Add library="IPHLPAPI" />
				</Linker>
			</Target>
			<Target title="Windows tests">
				<Option platforms="Windows;" />
				<Option output="bin/tests/ptpmonkey" prefix_auto="1" extension_auto="1" />
				<Option object_output="obj/tests/" />
				<Option type="1" />
				<Option compiler="gcc" />
				<Compiler>
					<Add option="-g" />
					<Add directory="$(#asio.INCLUDE)" />
					<Add directory="$(#catch2.INCLUDE)" />
				</Compiler>
				<Linker>
					<Add library="ws2_32" />
					<Add library="IPHLPAPI" />
				</Linker>
			</Target>
			<Target title="Linux Debug">
				<Option platforms="Unix;" />
				<Option output="bin/Debug/ptpmonkey" prefix_auto="1" extension_auto="1" />
				<Option object_output="obj/LinuxDebug/" />
				<Option type="1" />
				<Option compiler="gcc" />
				<Compiler>
					<Add option="-g" />
					<Add option="-D__GNU__" />
					<Add directory="$(#asio.INCLUDE)" />
				</Compiler>
				<Linker>
					<Add library="pthread" />
				</Linker>
			</Target>
			<Target title="Linux Release">
				<Option platforms="Unix;" />
				<Option output="bin/Release/ptpmonkey" prefix_auto="1" extension_auto="1" />
				<Option object_output="obj/Release/" />
				<Option type="1" />
				<Option compiler="gcc" />
				<Compiler>
					<Add option="-O3" />
					<Add option="-D__GNU__" />
					<Add directory="$(#asio.INCLUDE)" />
				</Compiler>
				<Linker>
					<Add option="-s" />
					<Add library="pthread" />
				</Linker>
			</Target>
		</Build>
		<Compiler>
			<Add option="-Wall" />
			<Add option="-std=c++14" />
			<Add option="-fexceptions" />
			<Add option="-DASIO_STANDALONE" />
		</Compiler>
		<Unit filename="handler.h" />
		<Unit filename="loghander.cpp" />
		<Unit filename="loghander.h" />
		<Unit filename="mac.cpp" />
		<Unit filename="mac.h" />
		<Unit filename="main.cpp">
			<Option target="Debug" />
			<Option target="Release" />
			<Option target="Linux Debug" />
			<Option target="Windows Debug" />
			<Option target="Windows Release" />
			<Option target="Linux Release" />
		</Unit>
		<Unit filename="parser.h" />
		<Unit filename="ptpclock.cpp" />
		<Unit filename="ptpclock.h" />
		<Unit filename="ptpeventhander.h" />
		<Unit filename="ptpeventloghandler.cpp" />
		<Unit filename="ptpeventloghandler.h" />
		<Unit filename="ptploghandler.cpp" />
		<Unit filename="ptploghandler.h" />
		<Unit filename="ptpmonkey.cpp" />
		<Unit filename="ptpmonkey.h" />
		<Unit filename="ptpmonkeyhandler.cpp" />
		<Unit filename="ptpmonkeyhandler.h" />
		<Unit filename="ptpmonkeyimplementation.cpp" />
		<Unit filename="ptpmonkeyimplementation.h" />
		<Unit filename="ptpparser.cpp" />
		<Unit filename="ptpparser.h" />
		<Unit filename="ptpstructs.cpp" />
		<Unit filename="ptpstructs.h" />
		<Unit filename="receiver.h" />
		<Unit filename="sender.cpp" />
		<Unit filename="sender.h" />
		<Unit filename="tests.cpp">
			<Option target="tests" />
		</Unit>
		<Unit filename="timeutils.cpp" />
		<Unit filename="timeutils.h" />
		<Extensions>
			<code_completion />
			<envvars />
			<debugger />
			<lib_finder disable_auto="1" />
		</Extensions>
	</Project>
</CodeBlocks_project_file>
