<?xml version="1.0" encoding="UTF-8" standalone="yes" ?>
<CodeBlocks_project_file>
	<FileVersion major="1" minor="6" />
	<Project>
		<Option title="ptpmonkey" />
		<Option pch_mode="2" />
		<Option compiler="gcc" />
		<Build>
			<Target title="Windows Debug">
				<Option platforms="Windows;" />
				<Option output="bin/Debug/ptpmonkey" prefix_auto="1" extension_auto="1" />
				<Option object_output="obj/Debug/" />
				<Option type="1" />
				<Option compiler="gcc" />
				<Compiler>
					<Add option="-g" />
					<Add option="-D_WIN32_WINNT=0x0601" />
					<Add directory="$(#asio.INCLUDE)" />
				</Compiler>
				<Linker>
					<Add library="ws2_32" />
					<Add library="IPHLPAPI" />
				</Linker>
			</Target>
			<Target title="Windows Release">
				<Option platforms="Windows;" />
				<Option output="bin/Release/ptpmonkey" prefix_auto="1" extension_auto="1" />
				<Option object_output="obj/Release/" />
				<Option type="1" />
				<Option compiler="gcc" />
				<Compiler>
					<Add option="-O3" />
					<Add option="-D_WIN32_WINNT=0x0601" />
					<Add directory="$(#asio.INCLUDE)" />
				</Compiler>
				<Linker>
					<Add option="-s" />
					<Add library="ws2_32" />
					<Add library="IPHLPAPI" />
				</Linker>
			</Target>
			<Target title="Windows tests">
				<Option platforms="Windows;" />
				<Option output="bin/tests/ptpmonkey" prefix_auto="1" extension_auto="1" />
				<Option object_output="obj/tests/" />
				<Option type="1" />
				<Option compiler="gcc" />
				<Compiler>
					<Add option="-g" />
					<Add directory="$(#asio.INCLUDE)" />
					<Add directory="$(#catch2.INCLUDE)" />
				</Compiler>
				<Linker>
					<Add library="ws2_32" />
					<Add library="IPHLPAPI" />
				</Linker>
			</Target>
			<Target title="Linux Debug">
				<Option platforms="Unix;" />
				<Option output="bin/Debug/ptpmonkey" prefix_auto="1" extension_auto="1" />
				<Option object_output="obj/LinuxDebug/" />
				<Option type="1" />
				<Option compiler="gcc" />
				<Compiler>
					<Add option="-g" />
					<Add option="-D__GNU__" />
					<Add directory="$(#asio.INCLUDE)" />
				</Compiler>
				<Linker>
					<Add library="pthread" />
				</Linker>
			</Target>
			<Target title="Linux Release">
				<Option platforms="Unix;" />
				<Option output="bin/Release/ptpmonkey" prefix_auto="1" extension_auto="1" />
				<Option object_output="obj/Release/" />
				<Option type="1" />
				<Option compiler="gcc" />
				<Compiler>
					<Add option="-O3" />
					<Add option="-D__GNU__" />
					<Add directory="$(#asio.INCLUDE)" />
				</Compiler>
				<Linker>
					<Add option="-s" />
					<Add library="pthread" />
				</Linker>
			</Target>
		</Build>
		<Compiler>
			<Add option="-Wall" />
			<Add option="-std=c++14" />
			<Add option="-fexceptions" />
			<Add option="-DASIO_STANDALONE" />
			<Add directory="include" />
		</Compiler>
		<Unit filename="examples/main.cpp">
			<Option target="Debug" />
			<Option target="Release" />
			<Option target="Linux Debug" />
			<Option target="Windows Debug" />
			<Option target="Windows Release" />
			<Option target="Linux Release" />
		</Unit>
		<Unit filename="include/handler.h" />
		<Unit filename="include/loghander.h" />
		<Unit filename="include/mac.h" />
		<Unit filename="include/parser.h" />
		<Unit filename="include/ptpclock.h" />
		<Unit filename="include/ptpeventhander.h" />
		<Unit filename="include/ptpeventloghandler.h" />
		<Unit filename="include/ptploghandler.h" />
		<Unit filename="include/ptpmonkey.h" />
		<Unit filename="include/ptpmonkeyhandler.h" />
		<Unit filename="include/ptpmonkeyimplementation.h" />
		<Unit filename="include/ptpparser.h" />
		<Unit filename="include/ptpstructs.h" />
		<Unit filename="include/receiver.h" />
		<Unit filename="include/sender.h" />
		<Unit filename="include/timeutils.h" />
		<Unit filename="source/loghander.cpp" />
		<Unit filename="source/mac.cpp" />
		<Unit filename="source/ptpclock.cpp" />
		<Unit filename="source/ptpeventloghandler.cpp" />
		<Unit filename="source/ptploghandler.cpp" />
		<Unit filename="source/ptpmonkey.cpp" />
		<Unit filename="source/ptpmonkeyhandler.cpp" />
		<Unit filename="source/ptpmonkeyimplementation.cpp" />
		<Unit filename="source/ptpparser.cpp" />
		<Unit filename="source/ptpstructs.cpp" />
		<Unit filename="source/sender.cpp" />
		<Unit filename="source/timeutils.cpp" />
		<Unit filename="tests/tests.cpp">
			<Option target="tests" />
		</Unit>
		<Extensions>
			<code_completion />
			<envvars />
			<debugger />
			<lib_finder disable_auto="1" />
		</Extensions>
	</Project>
</CodeBlocks_project_file>
